
Microsoft Visual Studio Solution File, Format Version 12.00
# Visual Studio 14
VisualStudioVersion = 14.0.25420.1
MinimumVisualStudioVersion = 10.0.40219.1
Project("{FAE04EC0-301F-11D3-BF4B-00C04F79EFBC}") = "XFormsMasterDetail", "XFormsMasterDetail\XFormsMasterDetail\XFormsMasterDetail.csproj", "{7941CA76-0EAC-433D-BBCF-969D0B368E56}"
EndProject
Project("{FAE04EC0-301F-11D3-BF4B-00C04F79EFBC}") = "XFormsMasterDetail.Droid", "XFormsMasterDetail\XFormsMasterDetail.Droid\XFormsMasterDetail.Droid.csproj", "{82D13CFB-636E-4FE5-B724-9A9364D67A48}"
EndProject
Project("{FAE04EC0-301F-11D3-BF4B-00C04F79EFBC}") = "XFormsMasterDetail.iOS", "XFormsMasterDetail\XFormsMasterDetail.iOS\XFormsMasterDetail.iOS.csproj", "{0810C49A-B511-470E-9D36-6809587B1D22}"
EndProject
Global
	GlobalSection(SolutionConfigurationPlatforms) = preSolution
		Ad-Hoc|Any CPU = Ad-Hoc|Any CPU
		Ad-Hoc|ARM = Ad-Hoc|ARM
		Ad-Hoc|iPhone = Ad-Hoc|iPhone
		Ad-Hoc|iPhoneSimulator = Ad-Hoc|iPhoneSimulator
		Ad-Hoc|x64 = Ad-Hoc|x64
		Ad-Hoc|x86 = Ad-Hoc|x86
		AppStore|Any CPU = AppStore|Any CPU
		AppStore|ARM = AppStore|ARM
		AppStore|iPhone = AppStore|iPhone
		AppStore|iPhoneSimulator = AppStore|iPhoneSimulator
		AppStore|x64 = AppStore|x64
		AppStore|x86 = AppStore|x86
		Debug|Any CPU = Debug|Any CPU
		Debug|ARM = Debug|ARM
		Debug|iPhone = Debug|iPhone
		Debug|iPhoneSimulator = Debug|iPhoneSimulator
		Debug|x64 = Debug|x64
		Debug|x86 = Debug|x86
		Release|Any CPU = Release|Any CPU
		Release|ARM = Release|ARM
		Release|iPhone = Release|iPhone
		Release|iPhoneSimulator = Release|iPhoneSimulator
		Release|x64 = Release|x64
		Release|x86 = Release|x86
	EndGlobalSection
	GlobalSection(ProjectConfigurationPlatforms) = postSolution
		{7941CA76-0EAC-433D-BBCF-969D0B368E56}.Ad-Hoc|Any CPU.ActiveCfg = Release|Any CPU
		{7941CA76-0EAC-433D-BBCF-969D0B368E56}.Ad-Hoc|Any CPU.Build.0 = Release|Any CPU
		{7941CA76-0EAC-433D-BBCF-969D0B368E56}.Ad-Hoc|ARM.ActiveCfg = Release|Any CPU
		{7941CA76-0EAC-433D-BBCF-969D0B368E56}.Ad-Hoc|ARM.Build.0 = Release|Any CPU
		{7941CA76-0EAC-433D-BBCF-969D0B368E56}.Ad-Hoc|iPhone.ActiveCfg = Release|Any CPU
		{7941CA76-0EAC-433D-BBCF-969D0B368E56}.Ad-Hoc|iPhone.Build.0 = Release|Any CPU
		{7941CA76-0EAC-433D-BBCF-969D0B368E56}.Ad-Hoc|iPhoneSimulator.ActiveCfg = Release|Any CPU
		{7941CA76-0EAC-433D-BBCF-969D0B368E56}.Ad-Hoc|iPhoneSimulator.Build.0 = Release|Any CPU
		{7941CA76-0EAC-433D-BBCF-969D0B368E56}.Ad-Hoc|x64.ActiveCfg = Release|Any CPU
		{7941CA76-0EAC-433D-BBCF-969D0B368E56}.Ad-Hoc|x64.Build.0 = Release|Any CPU
		{7941CA76-0EAC-433D-BBCF-969D0B368E56}.Ad-Hoc|x86.ActiveCfg = Release|Any CPU
		{7941CA76-0EAC-433D-BBCF-969D0B368E56}.Ad-Hoc|x86.Build.0 = Release|Any CPU
		{7941CA76-0EAC-433D-BBCF-969D0B368E56}.AppStore|Any CPU.ActiveCfg = Release|Any CPU
		{7941CA76-0EAC-433D-BBCF-969D0B368E56}.AppStore|Any CPU.Build.0 = Release|Any CPU
		{7941CA76-0EAC-433D-BBCF-969D0B368E56}.AppStore|ARM.ActiveCfg = Release|Any CPU
		{7941CA76-0EAC-433D-BBCF-969D0B368E56}.AppStore|ARM.Build.0 = Release|Any CPU
		{7941CA76-0EAC-433D-BBCF-969D0B368E56}.AppStore|iPhone.ActiveCfg = Release|Any CPU
		{7941CA76-0EAC-433D-BBCF-969D0B368E56}.AppStore|iPhone.Build.0 = Release|Any CPU
		{7941CA76-0EAC-433D-BBCF-969D0B368E56}.AppStore|iPhoneSimulator.ActiveCfg = Release|Any CPU
		{7941CA76-0EAC-433D-BBCF-969D0B368E56}.AppStore|iPhoneSimulator.Build.0 = Release|Any CPU
		{7941CA76-0EAC-433D-BBCF-969D0B368E56}.AppStore|x64.ActiveCfg = Release|Any CPU
		{7941CA76-0EAC-433D-BBCF-969D0B368E56}.AppStore|x64.Build.0 = Release|Any CPU
		{7941CA76-0EAC-433D-BBCF-969D0B368E56}.AppStore|x86.ActiveCfg = Release|Any CPU
		{7941CA76-0EAC-433D-BBCF-969D0B368E56}.AppStore|x86.Build.0 = Release|Any CPU
		{7941CA76-0EAC-433D-BBCF-969D0B368E56}.Debug|Any CPU.ActiveCfg = Debug|Any CPU
		{7941CA76-0EAC-433D-BBCF-969D0B368E56}.Debug|Any CPU.Build.0 = Debug|Any CPU
		{7941CA76-0EAC-433D-BBCF-969D0B368E56}.Debug|ARM.ActiveCfg = Debug|Any CPU
		{7941CA76-0EAC-433D-BBCF-969D0B368E56}.Debug|ARM.Build.0 = Debug|Any CPU
		{7941CA76-0EAC-433D-BBCF-969D0B368E56}.Debug|iPhone.ActiveCfg = Debug|Any CPU
		{7941CA76-0EAC-433D-BBCF-969D0B368E56}.Debug|iPhone.Build.0 = Debug|Any CPU
		{7941CA76-0EAC-433D-BBCF-969D0B368E56}.Debug|iPhoneSimulator.ActiveCfg = Debug|Any CPU
		{7941CA76-0EAC-433D-BBCF-969D0B368E56}.Debug|iPhoneSimulator.Build.0 = Debug|Any CPU
		{7941CA76-0EAC-433D-BBCF-969D0B368E56}.Debug|x64.ActiveCfg = Debug|Any CPU
		{7941CA76-0EAC-433D-BBCF-969D0B368E56}.Debug|x64.Build.0 = Debug|Any CPU
		{7941CA76-0EAC-433D-BBCF-969D0B368E56}.Debug|x86.ActiveCfg = Debug|Any CPU
		{7941CA76-0EAC-433D-BBCF-969D0B368E56}.Debug|x86.Build.0 = Debug|Any CPU
		{7941CA76-0EAC-433D-BBCF-969D0B368E56}.Release|Any CPU.ActiveCfg = Release|Any CPU
		{7941CA76-0EAC-433D-BBCF-969D0B368E56}.Release|Any CPU.Build.0 = Release|Any CPU
		{7941CA76-0EAC-433D-BBCF-969D0B368E56}.Release|ARM.ActiveCfg = Release|Any CPU
		{7941CA76-0EAC-433D-BBCF-969D0B368E56}.Release|ARM.Build.0 = Release|Any CPU
		{7941CA76-0EAC-433D-BBCF-969D0B368E56}.Release|iPhone.ActiveCfg = Release|Any CPU
		{7941CA76-0EAC-433D-BBCF-969D0B368E56}.Release|iPhone.Build.0 = Release|Any CPU
		{7941CA76-0EAC-433D-BBCF-969D0B368E56}.Release|iPhoneSimulator.ActiveCfg = Release|Any CPU
		{7941CA76-0EAC-433D-BBCF-969D0B368E56}.Release|iPhoneSimulator.Build.0 = Release|Any CPU
		{7941CA76-0EAC-433D-BBCF-969D0B368E56}.Release|x64.ActiveCfg = Release|Any CPU
		{7941CA76-0EAC-433D-BBCF-969D0B368E56}.Release|x64.Build.0 = Release|Any CPU
		{7941CA76-0EAC-433D-BBCF-969D0B368E56}.Release|x86.ActiveCfg = Release|Any CPU
		{7941CA76-0EAC-433D-BBCF-969D0B368E56}.Release|x86.Build.0 = Release|Any CPU
		{82D13CFB-636E-4FE5-B724-9A9364D67A48}.Ad-Hoc|Any CPU.ActiveCfg = Release|Any CPU
		{82D13CFB-636E-4FE5-B724-9A9364D67A48}.Ad-Hoc|Any CPU.Build.0 = Release|Any CPU
		{82D13CFB-636E-4FE5-B724-9A9364D67A48}.Ad-Hoc|Any CPU.Deploy.0 = Release|Any CPU
		{82D13CFB-636E-4FE5-B724-9A9364D67A48}.Ad-Hoc|ARM.ActiveCfg = Release|Any CPU
		{82D13CFB-636E-4FE5-B724-9A9364D67A48}.Ad-Hoc|ARM.Build.0 = Release|Any CPU
		{82D13CFB-636E-4FE5-B724-9A9364D67A48}.Ad-Hoc|ARM.Deploy.0 = Release|Any CPU
		{82D13CFB-636E-4FE5-B724-9A9364D67A48}.Ad-Hoc|iPhone.ActiveCfg = Release|Any CPU
		{82D13CFB-636E-4FE5-B724-9A9364D67A48}.Ad-Hoc|iPhone.Build.0 = Release|Any CPU
		{82D13CFB-636E-4FE5-B724-9A9364D67A48}.Ad-Hoc|iPhone.Deploy.0 = Release|Any CPU
		{82D13CFB-636E-4FE5-B724-9A9364D67A48}.Ad-Hoc|iPhoneSimulator.ActiveCfg = Release|Any CPU
		{82D13CFB-636E-4FE5-B724-9A9364D67A48}.Ad-Hoc|iPhoneSimulator.Build.0 = Release|Any CPU
		{82D13CFB-636E-4FE5-B724-9A9364D67A48}.Ad-Hoc|iPhoneSimulator.Deploy.0 = Release|Any CPU
		{82D13CFB-636E-4FE5-B724-9A9364D67A48}.Ad-Hoc|x64.ActiveCfg = Release|Any CPU
		{82D13CFB-636E-4FE5-B724-9A9364D67A48}.Ad-Hoc|x64.Build.0 = Release|Any CPU
		{82D13CFB-636E-4FE5-B724-9A9364D67A48}.Ad-Hoc|x64.Deploy.0 = Release|Any CPU
		{82D13CFB-636E-4FE5-B724-9A9364D67A48}.Ad-Hoc|x86.ActiveCfg = Release|Any CPU
		{82D13CFB-636E-4FE5-B724-9A9364D67A48}.Ad-Hoc|x86.Build.0 = Release|Any CPU
		{82D13CFB-636E-4FE5-B724-9A9364D67A48}.Ad-Hoc|x86.Deploy.0 = Release|Any CPU
		{82D13CFB-636E-4FE5-B724-9A9364D67A48}.AppStore|Any CPU.ActiveCfg = Release|Any CPU
		{82D13CFB-636E-4FE5-B724-9A9364D67A48}.AppStore|Any CPU.Build.0 = Release|Any CPU
		{82D13CFB-636E-4FE5-B724-9A9364D67A48}.AppStore|Any CPU.Deploy.0 = Release|Any CPU
		{82D13CFB-636E-4FE5-B724-9A9364D67A48}.AppStore|ARM.ActiveCfg = Release|Any CPU
		{82D13CFB-636E-4FE5-B724-9A9364D67A48}.AppStore|ARM.Build.0 = Release|Any CPU
		{82D13CFB-636E-4FE5-B724-9A9364D67A48}.AppStore|ARM.Deploy.0 = Release|Any CPU
		{82D13CFB-636E-4FE5-B724-9A9364D67A48}.AppStore|iPhone.ActiveCfg = Release|Any CPU
		{82D13CFB-636E-4FE5-B724-9A9364D67A48}.AppStore|iPhone.Build.0 = Release|Any CPU
		{82D13CFB-636E-4FE5-B724-9A9364D67A48}.AppStore|iPhone.Deploy.0 = Release|Any CPU
		{82D13CFB-636E-4FE5-B724-9A9364D67A48}.AppStore|iPhoneSimulator.ActiveCfg = Release|Any CPU
		{82D13CFB-636E-4FE5-B724-9A9364D67A48}.AppStore|iPhoneSimulator.Build.0 = Release|Any CPU
		{82D13CFB-636E-4FE5-B724-9A9364D67A48}.AppStore|iPhoneSimulator.Deploy.0 = Release|Any CPU
		{82D13CFB-636E-4FE5-B724-9A9364D67A48}.AppStore|x64.ActiveCfg = Release|Any CPU
		{82D13CFB-636E-4FE5-B724-9A9364D67A48}.AppStore|x64.Build.0 = Release|Any CPU
		{82D13CFB-636E-4FE5-B724-9A9364D67A48}.AppStore|x64.Deploy.0 = Release|Any CPU
		{82D13CFB-636E-4FE5-B724-9A9364D67A48}.AppStore|x86.ActiveCfg = Release|Any CPU
		{82D13CFB-636E-4FE5-B724-9A9364D67A48}.AppStore|x86.Build.0 = Release|Any CPU
		{82D13CFB-636E-4FE5-B724-9A9364D67A48}.AppStore|x86.Deploy.0 = Release|Any CPU
		{82D13CFB-636E-4FE5-B724-9A9364D67A48}.Debug|Any CPU.ActiveCfg = Debug|Any CPU
		{82D13CFB-636E-4FE5-B724-9A9364D67A48}.Debug|Any CPU.Build.0 = Debug|Any CPU
		{82D13CFB-636E-4FE5-B724-9A9364D67A48}.Debug|Any CPU.Deploy.0 = Debug|Any CPU
		{82D13CFB-636E-4FE5-B724-9A9364D67A48}.Debug|ARM.ActiveCfg = Debug|Any CPU
		{82D13CFB-636E-4FE5-B724-9A9364D67A48}.Debug|ARM.Build.0 = Debug|Any CPU
		{82D13CFB-636E-4FE5-B724-9A9364D67A48}.Debug|ARM.Deploy.0 = Debug|Any CPU
		{82D13CFB-636E-4FE5-B724-9A9364D67A48}.Debug|iPhone.ActiveCfg = Debug|Any CPU
		{82D13CFB-636E-4FE5-B724-9A9364D67A48}.Debug|iPhone.Build.0 = Debug|Any CPU
		{82D13CFB-636E-4FE5-B724-9A9364D67A48}.Debug|iPhone.Deploy.0 = Debug|Any CPU
		{82D13CFB-636E-4FE5-B724-9A9364D67A48}.Debug|iPhoneSimulator.ActiveCfg = Debug|Any CPU
		{82D13CFB-636E-4FE5-B724-9A9364D67A48}.Debug|iPhoneSimulator.Build.0 = Debug|Any CPU
		{82D13CFB-636E-4FE5-B724-9A9364D67A48}.Debug|iPhoneSimulator.Deploy.0 = Debug|Any CPU
		{82D13CFB-636E-4FE5-B724-9A9364D67A48}.Debug|x64.ActiveCfg = Debug|Any CPU
		{82D13CFB-636E-4FE5-B724-9A9364D67A48}.Debug|x64.Build.0 = Debug|Any CPU
		{82D13CFB-636E-4FE5-B724-9A9364D67A48}.Debug|x64.Deploy.0 = Debug|Any CPU
		{82D13CFB-636E-4FE5-B724-9A9364D67A48}.Debug|x86.ActiveCfg = Debug|Any CPU
		{82D13CFB-636E-4FE5-B724-9A9364D67A48}.Debug|x86.Build.0 = Debug|Any CPU
		{82D13CFB-636E-4FE5-B724-9A9364D67A48}.Debug|x86.Deploy.0 = Debug|Any CPU
		{82D13CFB-636E-4FE5-B724-9A9364D67A48}.Release|Any CPU.ActiveCfg = Release|Any CPU
		{82D13CFB-636E-4FE5-B724-9A9364D67A48}.Release|Any CPU.Build.0 = Release|Any CPU
		{82D13CFB-636E-4FE5-B724-9A9364D67A48}.Release|Any CPU.Deploy.0 = Release|Any CPU
		{82D13CFB-636E-4FE5-B724-9A9364D67A48}.Release|ARM.ActiveCfg = Release|Any CPU
		{82D13CFB-636E-4FE5-B724-9A9364D67A48}.Release|ARM.Build.0 = Release|Any CPU
		{82D13CFB-636E-4FE5-B724-9A9364D67A48}.Release|ARM.Deploy.0 = Release|Any CPU
		{82D13CFB-636E-4FE5-B724-9A9364D67A48}.Release|iPhone.ActiveCfg = Release|Any CPU
		{82D13CFB-636E-4FE5-B724-9A9364D67A48}.Release|iPhone.Build.0 = Release|Any CPU
		{82D13CFB-636E-4FE5-B724-9A9364D67A48}.Release|iPhone.Deploy.0 = Release|Any CPU
		{82D13CFB-636E-4FE5-B724-9A9364D67A48}.Release|iPhoneSimulator.ActiveCfg = Release|Any CPU
		{82D13CFB-636E-4FE5-B724-9A9364D67A48}.Release|iPhoneSimulator.Build.0 = Release|Any CPU
		{82D13CFB-636E-4FE5-B724-9A9364D67A48}.Release|iPhoneSimulator.Deploy.0 = Release|Any CPU
		{82D13CFB-636E-4FE5-B724-9A9364D67A48}.Release|x64.ActiveCfg = Release|Any CPU
		{82D13CFB-636E-4FE5-B724-9A9364D67A48}.Release|x64.Build.0 = Release|Any CPU
		{82D13CFB-636E-4FE5-B724-9A9364D67A48}.Release|x64.Deploy.0 = Release|Any CPU
		{82D13CFB-636E-4FE5-B724-9A9364D67A48}.Release|x86.ActiveCfg = Release|Any CPU
		{82D13CFB-636E-4FE5-B724-9A9364D67A48}.Release|x86.Build.0 = Release|Any CPU
		{82D13CFB-636E-4FE5-B724-9A9364D67A48}.Release|x86.Deploy.0 = Release|Any CPU
		{0810C49A-B511-470E-9D36-6809587B1D22}.Ad-Hoc|Any CPU.ActiveCfg = Ad-Hoc|iPhone
		{0810C49A-B511-470E-9D36-6809587B1D22}.Ad-Hoc|ARM.ActiveCfg = Ad-Hoc|iPhone
		{0810C49A-B511-470E-9D36-6809587B1D22}.Ad-Hoc|iPhone.ActiveCfg = Ad-Hoc|iPhone
		{0810C49A-B511-470E-9D36-6809587B1D22}.Ad-Hoc|iPhone.Build.0 = Ad-Hoc|iPhone
		{0810C49A-B511-470E-9D36-6809587B1D22}.Ad-Hoc|iPhoneSimulator.ActiveCfg = Ad-Hoc|iPhoneSimulator
		{0810C49A-B511-470E-9D36-6809587B1D22}.Ad-Hoc|iPhoneSimulator.Build.0 = Ad-Hoc|iPhoneSimulator
		{0810C49A-B511-470E-9D36-6809587B1D22}.Ad-Hoc|x64.ActiveCfg = Ad-Hoc|iPhone
		{0810C49A-B511-470E-9D36-6809587B1D22}.Ad-Hoc|x86.ActiveCfg = Ad-Hoc|iPhone
		{0810C49A-B511-470E-9D36-6809587B1D22}.AppStore|Any CPU.ActiveCfg = AppStore|iPhone
		{0810C49A-B511-470E-9D36-6809587B1D22}.AppStore|ARM.ActiveCfg = AppStore|iPhone
		{0810C49A-B511-470E-9D36-6809587B1D22}.AppStore|iPhone.ActiveCfg = AppStore|iPhone
		{0810C49A-B511-470E-9D36-6809587B1D22}.AppStore|iPhone.Build.0 = AppStore|iPhone
		{0810C49A-B511-470E-9D36-6809587B1D22}.AppStore|iPhoneSimulator.ActiveCfg = AppStore|iPhoneSimulator
		{0810C49A-B511-470E-9D36-6809587B1D22}.AppStore|iPhoneSimulator.Build.0 = AppStore|iPhoneSimulator
		{0810C49A-B511-470E-9D36-6809587B1D22}.AppStore|x64.ActiveCfg = AppStore|iPhone
		{0810C49A-B511-470E-9D36-6809587B1D22}.AppStore|x86.ActiveCfg = AppStore|iPhone
		{0810C49A-B511-470E-9D36-6809587B1D22}.Debug|Any CPU.ActiveCfg = Debug|iPhone
		{0810C49A-B511-470E-9D36-6809587B1D22}.Debug|ARM.ActiveCfg = Debug|iPhone
		{0810C49A-B511-470E-9D36-6809587B1D22}.Debug|iPhone.ActiveCfg = Debug|iPhone
		{0810C49A-B511-470E-9D36-6809587B1D22}.Debug|iPhone.Build.0 = Debug|iPhone
		{0810C49A-B511-470E-9D36-6809587B1D22}.Debug|iPhoneSimulator.ActiveCfg = Debug|iPhoneSimulator
		{0810C49A-B511-470E-9D36-6809587B1D22}.Debug|iPhoneSimulator.Build.0 = Debug|iPhoneSimulator
		{0810C49A-B511-470E-9D36-6809587B1D22}.Debug|x64.ActiveCfg = Debug|iPhone
		{0810C49A-B511-470E-9D36-6809587B1D22}.Debug|x86.ActiveCfg = Debug|iPhone
		{0810C49A-B511-470E-9D36-6809587B1D22}.Release|Any CPU.ActiveCfg = Release|iPhone
		{0810C49A-B511-470E-9D36-6809587B1D22}.Release|ARM.ActiveCfg = Release|iPhone
		{0810C49A-B511-470E-9D36-6809587B1D22}.Release|iPhone.ActiveCfg = Release|iPhone
		{0810C49A-B511-470E-9D36-6809587B1D22}.Release|iPhone.Build.0 = Release|iPhone
		{0810C49A-B511-470E-9D36-6809587B1D22}.Release|iPhoneSimulator.ActiveCfg = Release|iPhoneSimulator
		{0810C49A-B511-470E-9D36-6809587B1D22}.Release|iPhoneSimulator.Build.0 = Release|iPhoneSimulator
		{0810C49A-B511-470E-9D36-6809587B1D22}.Release|x64.ActiveCfg = Release|iPhone
		{0810C49A-B511-470E-9D36-6809587B1D22}.Release|x86.ActiveCfg = Release|iPhone
	EndGlobalSection
	GlobalSection(SolutionProperties) = preSolution
		HideSolutionNode = FALSE
	EndGlobalSection
EndGlobal
